{
  "pins" : [
    {
      "identity" : "corestore",
      "kind" : "remoteSourceControl",
      "location" : "https://github.com/JohnEstropia/CoreStore",
      "state" : {
        "revision" : "118bb685fcf2bbcfd5702fea07ec105cdc8cb43d",
        "version" : "9.1.0"
      }
    },
    {
      "identity" : "defaults",
      "kind" : "remoteSourceControl",
      "location" : "https://github.com/sindresorhus/Defaults",
      "state" : {
        "revision" : "981ccb0a01c54abbe3c12ccb8226108527bbf115",
        "version" : "6.3.0"
      }
    },
    {
      "identity" : "gifu",
      "kind" : "remoteSourceControl",
      "location" : "https://github.com/kaishin/Gifu",
      "state" : {
        "revision" : "82da0086dea14ca9afc9801234ad8dc4cd9e2738",
        "version" : "3.4.1"
      }
    },
    {
      "identity" : "nuke",
      "kind" : "remoteSourceControl",
      "location" : "https://github.com/kean/Nuke.git",
      "state" : {
        "revision" : "a002b7fd786f2df2ed4333fe73a9727499fd9d97",
        "version" : "10.11.2"
      }
    },
    {
      "identity" : "nukeui",
      "kind" : "remoteSourceControl",
      "location" : "https://github.com/kean/NukeUI",
      "state" : {
        "revision" : "db55022a8e483774ebbf3568727071477546d9ea",
        "version" : "0.8.3"
      }
    },
    {
      "identity" : "settings",
      "kind" : "remoteSourceControl",
      "location" : "https://github.com/sindresorhus/Settings.git",
      "state" : {
        "branch" : "main",
        "revision" : "3e1816c7620775b6b54fa26de5914f3d476c9a0c"
      }
    },
    {
      "identity" : "swiftdate",
      "kind" : "remoteSourceControl",
      "location" : "https://github.com/malcommac/SwiftDate",
      "state" : {
        "revision" : "5d943224c3bb173e6ecf27295611615eba90c80e",
        "version" : "7.0.0"
      }
    },
    {
      "identity" : "swiftui-introspect",
      "kind" : "remoteSourceControl",
      "location" : "https://github.com/siteline/SwiftUI-Introspect",
      "state" : {
        "branch" : "master",
        "revision" : "72a509c93166540c0adf8323fd2652daade7f9f6"
      }
    }
  ],
  "version" : 2
}
