{
  "pins" : [
    {
      "identity" : "corestore",
      "kind" : "remoteSourceControl",
      "location" : "https://github.com/JohnEstropia/CoreStore",
      "state" : {
        "branch" : "minIOS13",
        "revision" : "1ed819b38d61a04845ad5512a0c09636dad4d7ff"
      }
    },
    {
      "identity" : "defaults",
      "kind" : "remoteSourceControl",
      "location" : "https://github.com/sindresorhus/Defaults",
      "state" : {
        "revision" : "981ccb0a01c54abbe3c12ccb8226108527bbf115",
        "version" : "6.3.0"
      }
    },
    {
      "identity" : "gifu",
      "kind" : "remoteSourceControl",
      "location" : "https://github.com/kaishin/Gifu",
      "state" : {
        "revision" : "c8c8cd8e98eb73b8353b612c2925461c956fddc8",
        "version" : "3.4.0"
      }
    },
    {
      "identity" : "nuke",
      "kind" : "remoteSourceControl",
      "location" : "https://github.com/kean/Nuke.git",
      "state" : {
        "revision" : "a002b7fd786f2df2ed4333fe73a9727499fd9d97",
        "version" : "10.11.2"
      }
    },
    {
      "identity" : "nukeui",
      "kind" : "remoteSourceControl",
      "location" : "https://github.com/kean/NukeUI",
      "state" : {
        "branch" : "main",
        "revision" : "7338ed8ea76de18598bfafbca0cbdc74300a6b10"
      }
    },
    {
      "identity" : "preferences",
      "kind" : "remoteSourceControl",
      "location" : "https://github.com/sindresorhus/Preferences",
      "state" : {
        "branch" : "main",
        "revision" : "00342137c16b1351408669ca88be60036aa7e343"
      }
    },
    {
      "identity" : "swiftdate",
      "kind" : "remoteSourceControl",
      "location" : "https://github.com/cacko/SwiftDate",
      "state" : {
        "branch" : "master",
        "revision" : "6190d0cefff3013e77ed567e6b074f324e5c5bf5"
      }
    },
    {
      "identity" : "swiftui-introspect",
      "kind" : "remoteSourceControl",
      "location" : "https://github.com/siteline/SwiftUI-Introspect",
      "state" : {
        "branch" : "master",
        "revision" : "223b26ba8b525530f1eb9355f80b84ec735ba168"
      }
    }
  ],
  "version" : 2
}
