{
  "pins" : [
    {
      "identity" : "corestore",
      "kind" : "remoteSourceControl",
      "location" : "https://github.com/JohnEstropia/CoreStore",
      "state" : {
        "branch" : "develop",
        "revision" : "3317867a2f9709b8e3384488be8fffdae740733c"
      }
    },
    {
      "identity" : "defaults",
      "kind" : "remoteSourceControl",
      "location" : "https://github.com/sindresorhus/Defaults",
      "state" : {
        "branch" : "main",
        "revision" : "d1e2109fc99a4471bc0193ae3f521fcf07695153"
      }
    },
    {
      "identity" : "kingfisher",
      "kind" : "remoteSourceControl",
      "location" : "https://github.com/cacko/Kingfisher",
      "state" : {
        "branch" : "master",
        "revision" : "a2c961496934a4d03975139cb21fe05d4aa6ef18"
      }
    },
    {
      "identity" : "preferences",
      "kind" : "remoteSourceControl",
      "location" : "https://github.com/sindresorhus/Preferences",
      "state" : {
        "branch" : "main",
        "revision" : "ffeaaad1def45d0625720dc1adae3789cd9c167d"
      }
    },
    {
      "identity" : "swiftdate",
      "kind" : "remoteSourceControl",
      "location" : "https://github.com/cacko/SwiftDate",
      "state" : {
        "branch" : "master",
        "revision" : "6190d0cefff3013e77ed567e6b074f324e5c5bf5"
      }
    },
    {
      "identity" : "swiftui-introspect",
      "kind" : "remoteSourceControl",
      "location" : "https://github.com/siteline/SwiftUI-Introspect",
      "state" : {
        "branch" : "master",
        "revision" : "7ef0df639079491ee1aaf6b83b6fd4d08df80393"
      }
    }
  ],
  "version" : 2
}
