{
  "object": {
    "pins": [
      {
        "package": "CoreStore",
        "repositoryURL": "https://github.com/JohnEstropia/CoreStore",
        "state": {
          "branch": "develop",
          "revision": "f738848e8cd015d71c92d16c23b99ebf2bc3dc22",
          "version": null
        }
      },
      {
        "package": "Defaults",
        "repositoryURL": "https://github.com/sindresorhus/Defaults",
        "state": {
          "branch": null,
          "revision": "55f3302c3ab30a8760f10042d0ebc0a6907f865a",
          "version": "6.1.0"
        }
      },
      {
        "package": "Kingfisher",
        "repositoryURL": "https://github.com/cacko/Kingfisher",
        "state": {
          "branch": "master",
          "revision": "a2c961496934a4d03975139cb21fe05d4aa6ef18",
          "version": null
        }
      },
      {
        "package": "Preferences",
        "repositoryURL": "https://github.com/sindresorhus/Preferences",
        "state": {
          "branch": "main",
          "revision": "ffeaaad1def45d0625720dc1adae3789cd9c167d",
          "version": null
        }
      }
    ]
  },
  "version": 1
}
