PODS:
  - DisplayCriteria (1.1.0)
  - FFmpegKit (6.1.0):
    - FFmpegKit/FFmpegKit (= 6.1.0)
  - FFmpegKit/FFmpegKit (6.1.0):
    - Libass
  - KSPlayer (1.1.0):
    - KSPlayer/Audio (= 1.1.0)
    - KSPlayer/AVPlayer (= 1.1.0)
    - KSPlayer/Core (= 1.1.0)
    - KSPlayer/MEPlayer (= 1.1.0)
    - KSPlayer/Metal (= 1.1.0)
    - KSPlayer/Subtitle (= 1.1.0)
    - KSPlayer/SwiftUI (= 1.1.0)
    - KSPlayer/Video (= 1.1.0)
  - KSPlayer/Audio (1.1.0):
    - KSPlayer/Core
  - KSPlayer/AVPlayer (1.1.0):
    - DisplayCriteria
  - KSPlayer/Core (1.1.0):
    - KSPlayer/AVPlayer
  - KSPlayer/MEPlayer (1.1.0):
    - FFmpegKit
    - KSPlayer/AVPlayer
    - KSPlayer/Metal
    - KSPlayer/Subtitle
  - KSPlayer/Metal (1.1.0)
  - KSPlayer/Subtitle (1.1.0)
  - KSPlayer/SwiftUI (1.1.0):
    - KSPlayer/AVPlayer
  - KSPlayer/Video (1.1.0):
    - KSPlayer/Core
    - KSPlayer/Subtitle
  - Libass (0.17.1):
    - Libass/Libass (= 0.17.1)
  - Libass/Libass (0.17.1)
  - OpenSSL (3.1.4):
    - OpenSSL/OpenSSL (= 3.1.4)
  - OpenSSL/OpenSSL (3.1.4)

DEPENDENCIES:
  - DisplayCriteria (from `https://github.com/kingslay/KSPlayer.git`, branch `develop`)
  - FFmpegKit (from `https://github.com/kingslay/FFmpegKit.git`, branch `main`)
  - KSPlayer (from `https://github.com/kingslay/KSPlayer.git`, branch `develop`)
  - Libass (from `https://github.com/kingslay/FFmpegKit.git`, branch `main`)
  - OpenSSL (from `https://github.com/kingslay/FFmpegKit.git`, branch `main`)

EXTERNAL SOURCES:
  DisplayCriteria:
    :branch: develop
    :git: https://github.com/kingslay/KSPlayer.git
  FFmpegKit:
    :branch: main
    :git: https://github.com/kingslay/FFmpegKit.git
  KSPlayer:
    :branch: develop
    :git: https://github.com/kingslay/KSPlayer.git
  Libass:
    :branch: main
    :git: https://github.com/kingslay/FFmpegKit.git
  OpenSSL:
    :branch: main
    :git: https://github.com/kingslay/FFmpegKit.git

CHECKOUT OPTIONS:
  DisplayCriteria:
    :commit: 433ff6cc0e96d0f781db6c7450e12fd6d41d80dd
    :git: https://github.com/kingslay/KSPlayer.git
  FFmpegKit:
    :commit: dc81e11b22d993f6dea1fc9f105d1f0a1e2baa62
    :git: https://github.com/kingslay/FFmpegKit.git
  KSPlayer:
    :commit: 433ff6cc0e96d0f781db6c7450e12fd6d41d80dd
    :git: https://github.com/kingslay/KSPlayer.git
  Libass:
    :commit: dc81e11b22d993f6dea1fc9f105d1f0a1e2baa62
    :git: https://github.com/kingslay/FFmpegKit.git
  OpenSSL:
    :commit: dc81e11b22d993f6dea1fc9f105d1f0a1e2baa62
    :git: https://github.com/kingslay/FFmpegKit.git

SPEC CHECKSUMS:
  DisplayCriteria: bb0a90faf14b30848bc50ac0516340ce50164187
  FFmpegKit: 493ae4ab5daa410bcd171ed555718e8c5ee94081
  KSPlayer: cd8c2427873dddcd3a577f8bb230885c06e5ac2e
  Libass: e88af2324e1217e3a4c8bdc675f6f23a9dfc7677
  OpenSSL: 9a1c748444fb6c045b146e5a55173645e13171a3

PODFILE CHECKSUM: 3b99fcd2ed4db13c86df9c383d12521af9483ffd

COCOAPODS: 1.14.3
