PODS:
  - FFmpeg (5.0):
    - FFmpeg/FFmpeg (= 5.0)
  - FFmpeg/FFmpeg (5.0):
    - OpenSSL
  - KSPlayer (1.0):
    - KSPlayer/Audio (= 1.0)
    - KSPlayer/AVPlayer (= 1.0)
    - KSPlayer/Core (= 1.0)
    - KSPlayer/MEPlayer (= 1.0)
    - KSPlayer/Metal (= 1.0)
    - KSPlayer/Subtitle (= 1.0)
    - KSPlayer/SwiftUI (= 1.0)
    - KSPlayer/Video (= 1.0)
  - KSPlayer/Audio (1.0):
    - KSPlayer/Core
  - KSPlayer/AVPlayer (1.0)
  - KSPlayer/Core (1.0):
    - KSPlayer/AVPlayer
  - KSPlayer/MEPlayer (1.0):
    - FFmpeg
    - KSPlayer/AVPlayer
    - KSPlayer/Metal
    - KSPlayer/Subtitle
  - KSPlayer/Metal (1.0)
  - KSPlayer/Subtitle (1.0)
  - KSPlayer/SwiftUI (1.0):
    - KSPlayer/AVPlayer
  - KSPlayer/Video (1.0):
    - KSPlayer/Core
    - KSPlayer/Subtitle
  - OpenSSL (3.0.1):
    - OpenSSL/OpenSSL (= 3.0.1)
  - OpenSSL/OpenSSL (3.0.1)

DEPENDENCIES:
  - FFmpeg (from `https://github.com/kingslay/KSPlayer.git`, branch `develop`)
  - KSPlayer (from `https://github.com/kingslay/KSPlayer.git`, branch `develop`)
  - OpenSSL (from `https://github.com/kingslay/KSPlayer.git`, branch `develop`)

EXTERNAL SOURCES:
  FFmpeg:
    :branch: develop
    :git: https://github.com/kingslay/KSPlayer.git
  KSPlayer:
    :branch: develop
    :git: https://github.com/kingslay/KSPlayer.git
  OpenSSL:
    :branch: develop
    :git: https://github.com/kingslay/KSPlayer.git

CHECKOUT OPTIONS:
  FFmpeg:
    :commit: 1e438de436a57043a68fdf7a8ec62ea33e99f008
    :git: https://github.com/kingslay/KSPlayer.git
  KSPlayer:
    :commit: 1e438de436a57043a68fdf7a8ec62ea33e99f008
    :git: https://github.com/kingslay/KSPlayer.git
  OpenSSL:
    :commit: 1e438de436a57043a68fdf7a8ec62ea33e99f008
    :git: https://github.com/kingslay/KSPlayer.git

SPEC CHECKSUMS:
  FFmpeg: 6593f811126654982330f647e8c0a54b5fb38257
  KSPlayer: f8dd9c7cac508db3ce1bd63288c1092dd6253440
  OpenSSL: a253b4b80f6c9512a45960472ddc5140342356bf

PODFILE CHECKSUM: dfaebaa45ec0e84a368282dffb645867cc5f2749

COCOAPODS: 1.11.2
