{
  "object": {
    "pins": [
      {
        "package": "CoreStore",
        "repositoryURL": "https://github.com/JohnEstropia/CoreStore",
        "state": {
          "branch": "develop",
          "revision": "f738848e8cd015d71c92d16c23b99ebf2bc3dc22",
          "version": null
        }
      },
      {
        "package": "Defaults",
        "repositoryURL": "https://github.com/sindresorhus/Defaults",
        "state": {
          "branch": "main",
          "revision": "c9198bb1d097486711a36269b191f4e96d93130b",
          "version": null
        }
      },
      {
        "package": "Kingfisher",
        "repositoryURL": "https://github.com/cacko/Kingfisher",
        "state": {
          "branch": "master",
          "revision": "a2c961496934a4d03975139cb21fe05d4aa6ef18",
          "version": null
        }
      },
      {
        "package": "Preferences",
        "repositoryURL": "https://github.com/sindresorhus/Preferences",
        "state": {
          "branch": "main",
          "revision": "ffeaaad1def45d0625720dc1adae3789cd9c167d",
          "version": null
        }
      },
      {
        "package": "SwiftDate",
        "repositoryURL": "https://github.com/cacko/SwiftDate",
        "state": {
          "branch": "master",
          "revision": "6190d0cefff3013e77ed567e6b074f324e5c5bf5",
          "version": null
        }
      },
      {
        "package": "Introspect",
        "repositoryURL": "https://github.com/siteline/SwiftUI-Introspect",
        "state": {
          "branch": "master",
          "revision": "72a509c93166540c0adf8323fd2652daade7f9f6",
          "version": null
        }
      }
    ]
  },
  "version": 1
}
